
Microsoft Visual Studio Solution File, Format Version 12.00
# Visual Studio 15
VisualStudioVersion = 15.0.28307.1585
MinimumVisualStudioVersion = 10.0.40219.1
Project("{8BC9CEB8-8B4A-11D0-8D11-00A0C91BC942}") = "chat Client", "chat Client.vcxproj", "{177AB701-60A0-41E6-B1F6-BD3949135CF8}"
EndProject
Global
	GlobalSection(SolutionConfigurationPlatforms) = preSolution
		Debug|x64 = Debug|x64
		Debug|x86 = Debug|x86
		Release|x64 = Release|x64
		Release|x86 = Release|x86
	EndGlobalSection
	GlobalSection(ProjectConfigurationPlatforms) = postSolution
		{177AB701-60A0-41E6-B1F6-BD3949135CF8}.Debug|x64.ActiveCfg = Debug|x64
		{177AB701-60A0-41E6-B1F6-BD3949135CF8}.Debug|x64.Build.0 = Debug|x64
		{177AB701-60A0-41E6-B1F6-BD3949135CF8}.Debug|x86.ActiveCfg = Debug|Win32
		{177AB701-60A0-41E6-B1F6-BD3949135CF8}.Debug|x86.Build.0 = Debug|Win32
		{177AB701-60A0-41E6-B1F6-BD3949135CF8}.Release|x64.ActiveCfg = Release|x64
		{177AB701-60A0-41E6-B1F6-BD3949135CF8}.Release|x64.Build.0 = Release|x64
		{177AB701-60A0-41E6-B1F6-BD3949135CF8}.Release|x86.ActiveCfg = Release|Win32
		{177AB701-60A0-41E6-B1F6-BD3949135CF8}.Release|x86.Build.0 = Release|Win32
	EndGlobalSection
	GlobalSection(SolutionProperties) = preSolution
		HideSolutionNode = FALSE
	EndGlobalSection
	GlobalSection(ExtensibilityGlobals) = postSolution
		SolutionGuid = {F7C16F2F-9CCD-44A6-860A-06CF4388C2BC}
	EndGlobalSection
EndGlobal
