
Microsoft Visual Studio Solution File, Format Version 12.00
# Visual Studio 15
VisualStudioVersion = 15.0.28307.1585
MinimumVisualStudioVersion = 10.0.40219.1
Project("{8BC9CEB8-8B4A-11D0-8D11-00A0C91BC942}") = "ch_01", "ch_01.vcxproj", "{D50AA7DA-9C36-4564-930A-F7511DE8A4CB}"
EndProject
Project("{8BC9CEB8-8B4A-11D0-8D11-00A0C91BC942}") = "ch_02", "..\ch_02\ch_02.vcxproj", "{4B9CC79C-3D23-4A62-AF3F-40E8119B9FA4}"
EndProject
Project("{8BC9CEB8-8B4A-11D0-8D11-00A0C91BC942}") = "ch_03", "..\ch_03\ch_03.vcxproj", "{27BAB87C-C551-45A3-9BA3-6EA511A769B4}"
EndProject
Project("{8BC9CEB8-8B4A-11D0-8D11-00A0C91BC942}") = "ch_04", "ch_04\ch_04.vcxproj", "{EC832714-7170-46EA-915E-F58A6D46076D}"
EndProject
Project("{8BC9CEB8-8B4A-11D0-8D11-00A0C91BC942}") = "ch_05", "..\ch_05\ch_05.vcxproj", "{1D486492-4E3B-4393-BE8F-6778F449022B}"
EndProject
Project("{8BC9CEB8-8B4A-11D0-8D11-00A0C91BC942}") = "ch_06", "..\ch_06\ch_06.vcxproj", "{775C9F4B-6EE2-4BFE-B95A-61B082B32733}"
EndProject
Global
	GlobalSection(SolutionConfigurationPlatforms) = preSolution
		Debug|x64 = Debug|x64
		Debug|x86 = Debug|x86
		Release|x64 = Release|x64
		Release|x86 = Release|x86
	EndGlobalSection
	GlobalSection(ProjectConfigurationPlatforms) = postSolution
		{D50AA7DA-9C36-4564-930A-F7511DE8A4CB}.Debug|x64.ActiveCfg = Debug|x64
		{D50AA7DA-9C36-4564-930A-F7511DE8A4CB}.Debug|x64.Build.0 = Debug|x64
		{D50AA7DA-9C36-4564-930A-F7511DE8A4CB}.Debug|x86.ActiveCfg = Debug|Win32
		{D50AA7DA-9C36-4564-930A-F7511DE8A4CB}.Debug|x86.Build.0 = Debug|Win32
		{D50AA7DA-9C36-4564-930A-F7511DE8A4CB}.Release|x64.ActiveCfg = Release|x64
		{D50AA7DA-9C36-4564-930A-F7511DE8A4CB}.Release|x64.Build.0 = Release|x64
		{D50AA7DA-9C36-4564-930A-F7511DE8A4CB}.Release|x86.ActiveCfg = Release|Win32
		{D50AA7DA-9C36-4564-930A-F7511DE8A4CB}.Release|x86.Build.0 = Release|Win32
		{4B9CC79C-3D23-4A62-AF3F-40E8119B9FA4}.Debug|x64.ActiveCfg = Debug|x64
		{4B9CC79C-3D23-4A62-AF3F-40E8119B9FA4}.Debug|x64.Build.0 = Debug|x64
		{4B9CC79C-3D23-4A62-AF3F-40E8119B9FA4}.Debug|x86.ActiveCfg = Debug|Win32
		{4B9CC79C-3D23-4A62-AF3F-40E8119B9FA4}.Debug|x86.Build.0 = Debug|Win32
		{4B9CC79C-3D23-4A62-AF3F-40E8119B9FA4}.Release|x64.ActiveCfg = Release|x64
		{4B9CC79C-3D23-4A62-AF3F-40E8119B9FA4}.Release|x64.Build.0 = Release|x64
		{4B9CC79C-3D23-4A62-AF3F-40E8119B9FA4}.Release|x86.ActiveCfg = Release|Win32
		{4B9CC79C-3D23-4A62-AF3F-40E8119B9FA4}.Release|x86.Build.0 = Release|Win32
		{27BAB87C-C551-45A3-9BA3-6EA511A769B4}.Debug|x64.ActiveCfg = Debug|x64
		{27BAB87C-C551-45A3-9BA3-6EA511A769B4}.Debug|x64.Build.0 = Debug|x64
		{27BAB87C-C551-45A3-9BA3-6EA511A769B4}.Debug|x86.ActiveCfg = Debug|Win32
		{27BAB87C-C551-45A3-9BA3-6EA511A769B4}.Debug|x86.Build.0 = Debug|Win32
		{27BAB87C-C551-45A3-9BA3-6EA511A769B4}.Release|x64.ActiveCfg = Release|x64
		{27BAB87C-C551-45A3-9BA3-6EA511A769B4}.Release|x64.Build.0 = Release|x64
		{27BAB87C-C551-45A3-9BA3-6EA511A769B4}.Release|x86.ActiveCfg = Release|Win32
		{27BAB87C-C551-45A3-9BA3-6EA511A769B4}.Release|x86.Build.0 = Release|Win32
		{EC832714-7170-46EA-915E-F58A6D46076D}.Debug|x64.ActiveCfg = Debug|x64
		{EC832714-7170-46EA-915E-F58A6D46076D}.Debug|x64.Build.0 = Debug|x64
		{EC832714-7170-46EA-915E-F58A6D46076D}.Debug|x86.ActiveCfg = Debug|Win32
		{EC832714-7170-46EA-915E-F58A6D46076D}.Debug|x86.Build.0 = Debug|Win32
		{EC832714-7170-46EA-915E-F58A6D46076D}.Release|x64.ActiveCfg = Release|x64
		{EC832714-7170-46EA-915E-F58A6D46076D}.Release|x64.Build.0 = Release|x64
		{EC832714-7170-46EA-915E-F58A6D46076D}.Release|x86.ActiveCfg = Release|Win32
		{EC832714-7170-46EA-915E-F58A6D46076D}.Release|x86.Build.0 = Release|Win32
		{1D486492-4E3B-4393-BE8F-6778F449022B}.Debug|x64.ActiveCfg = Debug|x64
		{1D486492-4E3B-4393-BE8F-6778F449022B}.Debug|x64.Build.0 = Debug|x64
		{1D486492-4E3B-4393-BE8F-6778F449022B}.Debug|x86.ActiveCfg = Debug|Win32
		{1D486492-4E3B-4393-BE8F-6778F449022B}.Debug|x86.Build.0 = Debug|Win32
		{1D486492-4E3B-4393-BE8F-6778F449022B}.Release|x64.ActiveCfg = Release|x64
		{1D486492-4E3B-4393-BE8F-6778F449022B}.Release|x64.Build.0 = Release|x64
		{1D486492-4E3B-4393-BE8F-6778F449022B}.Release|x86.ActiveCfg = Release|Win32
		{1D486492-4E3B-4393-BE8F-6778F449022B}.Release|x86.Build.0 = Release|Win32
		{775C9F4B-6EE2-4BFE-B95A-61B082B32733}.Debug|x64.ActiveCfg = Debug|x64
		{775C9F4B-6EE2-4BFE-B95A-61B082B32733}.Debug|x64.Build.0 = Debug|x64
		{775C9F4B-6EE2-4BFE-B95A-61B082B32733}.Debug|x86.ActiveCfg = Debug|Win32
		{775C9F4B-6EE2-4BFE-B95A-61B082B32733}.Debug|x86.Build.0 = Debug|Win32
		{775C9F4B-6EE2-4BFE-B95A-61B082B32733}.Release|x64.ActiveCfg = Release|x64
		{775C9F4B-6EE2-4BFE-B95A-61B082B32733}.Release|x64.Build.0 = Release|x64
		{775C9F4B-6EE2-4BFE-B95A-61B082B32733}.Release|x86.ActiveCfg = Release|Win32
		{775C9F4B-6EE2-4BFE-B95A-61B082B32733}.Release|x86.Build.0 = Release|Win32
	EndGlobalSection
	GlobalSection(SolutionProperties) = preSolution
		HideSolutionNode = FALSE
	EndGlobalSection
	GlobalSection(ExtensibilityGlobals) = postSolution
		SolutionGuid = {14CF74C6-73B7-43E1-AD03-581FEC06D080}
	EndGlobalSection
EndGlobal
